
Microsoft Visual Studio Solution File, Format Version 12.00
# Visual Studio Version 17
VisualStudioVersion = 17.0.32014.148
MinimumVisualStudioVersion = 10.0.40219.1
Project("{FAE04EC0-301F-11D3-BF4B-00C04F79EFBC}") = "FinalProject", "FinalProject\FinalProject.csproj", "{EAE3D5F4-CEE2-4710-80A2-D1480277DB92}"
EndProject
Global
	GlobalSection(SolutionConfigurationPlatforms) = preSolution
		Debug|Any CPU = Debug|Any CPU
		Release|Any CPU = Release|Any CPU
	EndGlobalSection
	GlobalSection(ProjectConfigurationPlatforms) = postSolution
		{EAE3D5F4-CEE2-4710-80A2-D1480277DB92}.Debug|Any CPU.ActiveCfg = Debug|Any CPU
		{EAE3D5F4-CEE2-4710-80A2-D1480277DB92}.Debug|Any CPU.Build.0 = Debug|Any CPU
		{EAE3D5F4-CEE2-4710-80A2-D1480277DB92}.Release|Any CPU.ActiveCfg = Release|Any CPU
		{EAE3D5F4-CEE2-4710-80A2-D1480277DB92}.Release|Any CPU.Build.0 = Release|Any CPU
	EndGlobalSection
	GlobalSection(SolutionProperties) = preSolution
		HideSolutionNode = FALSE
	EndGlobalSection
	GlobalSection(ExtensibilityGlobals) = postSolution
		SolutionGuid = {52C3322D-33A8-4211-BFE9-CA309573B64E}
	EndGlobalSection
EndGlobal
